
Microsoft Visual Studio Solution File, Format Version 12.00
# Visual Studio 2012
Project("{FAE04EC0-301F-11D3-BF4B-00C04F79EFBC}") = "UILibrarySampleApp", "UILibrarySampleApp\UILibrarySampleApp.csproj", "{C4FF0B97-238D-4419-8DE8-4B07594BDEC5}"
EndProject
Project("{FAE04EC0-301F-11D3-BF4B-00C04F79EFBC}") = "UILibrarySampleApp.iOS", "UILibrarySampleApp.iOS\UILibrarySampleApp.iOS.csproj", "{0D58DA42-7777-4949-B8CE-43103B2E2ABD}"
EndProject
Project("{FAE04EC0-301F-11D3-BF4B-00C04F79EFBC}") = "UILibrarySampleApp.Droid", "UILibrarySampleApp.Droid\UILibrarySampleApp.Droid.csproj", "{5A11C2FD-D616-4D09-B92E-BD18ED183966}"
EndProject
Global
	GlobalSection(SolutionConfigurationPlatforms) = preSolution
		Debug|Any CPU = Debug|Any CPU
		Release|Any CPU = Release|Any CPU
		Debug|iPhoneSimulator = Debug|iPhoneSimulator
		Release|iPhone = Release|iPhone
		Release|iPhoneSimulator = Release|iPhoneSimulator
		Debug|iPhone = Debug|iPhone
	EndGlobalSection
	GlobalSection(ProjectConfigurationPlatforms) = postSolution
		{C4FF0B97-238D-4419-8DE8-4B07594BDEC5}.Debug|Any CPU.ActiveCfg = Debug|Any CPU
		{C4FF0B97-238D-4419-8DE8-4B07594BDEC5}.Debug|Any CPU.Build.0 = Debug|Any CPU
		{C4FF0B97-238D-4419-8DE8-4B07594BDEC5}.Release|Any CPU.ActiveCfg = Release|Any CPU
		{C4FF0B97-238D-4419-8DE8-4B07594BDEC5}.Release|Any CPU.Build.0 = Release|Any CPU
		{C4FF0B97-238D-4419-8DE8-4B07594BDEC5}.Debug|iPhoneSimulator.ActiveCfg = Debug|Any CPU
		{C4FF0B97-238D-4419-8DE8-4B07594BDEC5}.Debug|iPhoneSimulator.Build.0 = Debug|Any CPU
		{C4FF0B97-238D-4419-8DE8-4B07594BDEC5}.Release|iPhone.ActiveCfg = Release|Any CPU
		{C4FF0B97-238D-4419-8DE8-4B07594BDEC5}.Release|iPhone.Build.0 = Release|Any CPU
		{C4FF0B97-238D-4419-8DE8-4B07594BDEC5}.Release|iPhoneSimulator.ActiveCfg = Release|Any CPU
		{C4FF0B97-238D-4419-8DE8-4B07594BDEC5}.Release|iPhoneSimulator.Build.0 = Release|Any CPU
		{C4FF0B97-238D-4419-8DE8-4B07594BDEC5}.Debug|iPhone.ActiveCfg = Debug|Any CPU
		{C4FF0B97-238D-4419-8DE8-4B07594BDEC5}.Debug|iPhone.Build.0 = Debug|Any CPU
		{0D58DA42-7777-4949-B8CE-43103B2E2ABD}.Debug|Any CPU.ActiveCfg = Debug|iPhoneSimulator
		{0D58DA42-7777-4949-B8CE-43103B2E2ABD}.Debug|Any CPU.Build.0 = Debug|iPhoneSimulator
		{0D58DA42-7777-4949-B8CE-43103B2E2ABD}.Release|Any CPU.ActiveCfg = Release|iPhone
		{0D58DA42-7777-4949-B8CE-43103B2E2ABD}.Release|Any CPU.Build.0 = Release|iPhone
		{0D58DA42-7777-4949-B8CE-43103B2E2ABD}.Debug|iPhoneSimulator.ActiveCfg = Debug|iPhoneSimulator
		{0D58DA42-7777-4949-B8CE-43103B2E2ABD}.Debug|iPhoneSimulator.Build.0 = Debug|iPhoneSimulator
		{0D58DA42-7777-4949-B8CE-43103B2E2ABD}.Release|iPhone.ActiveCfg = Release|iPhone
		{0D58DA42-7777-4949-B8CE-43103B2E2ABD}.Release|iPhone.Build.0 = Release|iPhone
		{0D58DA42-7777-4949-B8CE-43103B2E2ABD}.Release|iPhoneSimulator.ActiveCfg = Release|iPhoneSimulator
		{0D58DA42-7777-4949-B8CE-43103B2E2ABD}.Release|iPhoneSimulator.Build.0 = Release|iPhoneSimulator
		{0D58DA42-7777-4949-B8CE-43103B2E2ABD}.Debug|iPhone.ActiveCfg = Debug|iPhone
		{0D58DA42-7777-4949-B8CE-43103B2E2ABD}.Debug|iPhone.Build.0 = Debug|iPhone
		{5A11C2FD-D616-4D09-B92E-BD18ED183966}.Debug|Any CPU.ActiveCfg = Debug|Any CPU
		{5A11C2FD-D616-4D09-B92E-BD18ED183966}.Debug|Any CPU.Build.0 = Debug|Any CPU
		{5A11C2FD-D616-4D09-B92E-BD18ED183966}.Release|Any CPU.ActiveCfg = Release|Any CPU
		{5A11C2FD-D616-4D09-B92E-BD18ED183966}.Release|Any CPU.Build.0 = Release|Any CPU
		{5A11C2FD-D616-4D09-B92E-BD18ED183966}.Debug|iPhoneSimulator.ActiveCfg = Debug|Any CPU
		{5A11C2FD-D616-4D09-B92E-BD18ED183966}.Debug|iPhoneSimulator.Build.0 = Debug|Any CPU
		{5A11C2FD-D616-4D09-B92E-BD18ED183966}.Release|iPhone.ActiveCfg = Release|Any CPU
		{5A11C2FD-D616-4D09-B92E-BD18ED183966}.Release|iPhone.Build.0 = Release|Any CPU
		{5A11C2FD-D616-4D09-B92E-BD18ED183966}.Release|iPhoneSimulator.ActiveCfg = Release|Any CPU
		{5A11C2FD-D616-4D09-B92E-BD18ED183966}.Release|iPhoneSimulator.Build.0 = Release|Any CPU
		{5A11C2FD-D616-4D09-B92E-BD18ED183966}.Debug|iPhone.ActiveCfg = Debug|Any CPU
		{5A11C2FD-D616-4D09-B92E-BD18ED183966}.Debug|iPhone.Build.0 = Debug|Any CPU
	EndGlobalSection
EndGlobal
